
Microsoft Visual Studio Solution File, Format Version 12.00
# Visual Studio Version 17
VisualStudioVersion = 17.4.33213.308
MinimumVisualStudioVersion = 10.0.40219.1
Project("{FAE04EC0-301F-11D3-BF4B-00C04F79EFBC}") = "DreamServe", "DreamServe\DreamServe.csproj", "{1A85BC18-1E03-46D3-B8F2-0F05FEA059CE}"
EndProject
Global
	GlobalSection(SolutionConfigurationPlatforms) = preSolution
		Debug|Any CPU = Debug|Any CPU
		Release|Any CPU = Release|Any CPU
	EndGlobalSection
	GlobalSection(ProjectConfigurationPlatforms) = postSolution
		{1A85BC18-1E03-46D3-B8F2-0F05FEA059CE}.Debug|Any CPU.ActiveCfg = Debug|Any CPU
		{1A85BC18-1E03-46D3-B8F2-0F05FEA059CE}.Debug|Any CPU.Build.0 = Debug|Any CPU
		{1A85BC18-1E03-46D3-B8F2-0F05FEA059CE}.Release|Any CPU.ActiveCfg = Release|Any CPU
		{1A85BC18-1E03-46D3-B8F2-0F05FEA059CE}.Release|Any CPU.Build.0 = Release|Any CPU
	EndGlobalSection
	GlobalSection(SolutionProperties) = preSolution
		HideSolutionNode = FALSE
	EndGlobalSection
	GlobalSection(ExtensibilityGlobals) = postSolution
		SolutionGuid = {AB823876-BD1F-448A-AE0E-573E6AF725E7}
	EndGlobalSection
EndGlobal
